// !$*UTF8*$!
{
	archiveVersion = 1;
	classes = {
	};
	objectVersion = 56;
	objects = {

/* Begin PBXBuildFile section */
		2B279D2929DBCF7C00BE0BE0 /* WidgetKit.framework in Frameworks */ = {isa = PBXBuildFile; fileRef = 2B279D2829DBCF7C00BE0BE0 /* WidgetKit.framework */; };
		2B279D2A29DBCF7C00BE0BE0 /* SwiftUI.framework in Frameworks */ = {isa = PBXBuildFile; fileRef = 2B29712C29DABD0200927BED /* SwiftUI.framework */; };
		2B279D2D29DBCF7C00BE0BE0 /* BCWidgetBundle.swift in Sources */ = {isa = PBXBuildFile; fileRef = 2B279D2C29DBCF7C00BE0BE0 /* BCWidgetBundle.swift */; };
		2B279D2F29DBCF7C00BE0BE0 /* BCWidget.swift in Sources */ = {isa = PBXBuildFile; fileRef = 2B279D2E29DBCF7C00BE0BE0 /* BCWidget.swift */; };
		2B279D3129DBCF7D00BE0BE0 /* Assets.xcassets in Resources */ = {isa = PBXBuildFile; fileRef = 2B279D3029DBCF7D00BE0BE0 /* Assets.xcassets */; };
		2B279D3529DBCF7D00BE0BE0 /* BCWidgetExtension.appex in Embed Foundation Extensions */ = {isa = PBXBuildFile; fileRef = 2B279D2729DBCF7C00BE0BE0 /* BCWidgetExtension.appex */; settings = {ATTRIBUTES = (RemoveHeadersOnCopy, ); }; };
		2B29303F290F3BB200EFAD34 /* SettingView.swift in Sources */ = {isa = PBXBuildFile; fileRef = 2B29303E290F3BB200EFAD34 /* SettingView.swift */; };
		2B30AF8E2918705F000FC59E /* RandomBlob.swift in Sources */ = {isa = PBXBuildFile; fileRef = 2B30AF8D2918705F000FC59E /* RandomBlob.swift */; };
		2B30AF90291886BA000FC59E /* GlassBgView.swift in Sources */ = {isa = PBXBuildFile; fileRef = 2B30AF8F291886BA000FC59E /* GlassBgView.swift */; };
		2B5677382921C9010076869E /* CalculationState.swift in Sources */ = {isa = PBXBuildFile; fileRef = 2B5677372921C9010076869E /* CalculationState.swift */; };
		2B5AAD5E2914D465006F5249 /* SimpleLayout.swift in Sources */ = {isa = PBXBuildFile; fileRef = 2B5AAD5D2914D465006F5249 /* SimpleLayout.swift */; };
		2B5AAD602914D663006F5249 /* GlassLayout.swift in Sources */ = {isa = PBXBuildFile; fileRef = 2B5AAD5F2914D663006F5249 /* GlassLayout.swift */; };
		2B5AAD622914D679006F5249 /* SoftLayout.swift in Sources */ = {isa = PBXBuildFile; fileRef = 2B5AAD612914D679006F5249 /* SoftLayout.swift */; };
		2B5AAD642914D969006F5249 /* AppEntry.swift in Sources */ = {isa = PBXBuildFile; fileRef = 2B5AAD632914D969006F5249 /* AppEntry.swift */; };
		2B5AAD662914DAD4006F5249 /* CalnUtils.swift in Sources */ = {isa = PBXBuildFile; fileRef = 2B5AAD652914DAD4006F5249 /* CalnUtils.swift */; };
		2B60391B291A1F67001D45A8 /* Montserrat-VariableFont_wght.ttf in Resources */ = {isa = PBXBuildFile; fileRef = 2B60391A291A1F67001D45A8 /* Montserrat-VariableFont_wght.ttf */; };
		2B8DEB81291250200087D29E /* ThemeViewModel.swift in Sources */ = {isa = PBXBuildFile; fileRef = 2B8DEB80291250200087D29E /* ThemeViewModel.swift */; };
		2B8DEB83291253C30087D29E /* Themes.swift in Sources */ = {isa = PBXBuildFile; fileRef = 2B8DEB82291253C30087D29E /* Themes.swift */; };
		2B98F04A290A63490086C7BA /* Beautiful_CalculatorApp.swift in Sources */ = {isa = PBXBuildFile; fileRef = 2B98F049290A63490086C7BA /* Beautiful_CalculatorApp.swift */; };
		2B98F04C290A63490086C7BA /* ContentView.swift in Sources */ = {isa = PBXBuildFile; fileRef = 2B98F04B290A63490086C7BA /* ContentView.swift */; };
		2B98F04E290A634A0086C7BA /* Assets.xcassets in Resources */ = {isa = PBXBuildFile; fileRef = 2B98F04D290A634A0086C7BA /* Assets.xcassets */; };
		2B98F051290A634A0086C7BA /* Preview Assets.xcassets in Resources */ = {isa = PBXBuildFile; fileRef = 2B98F050290A634A0086C7BA /* Preview Assets.xcassets */; };
		2B98F05B290A634A0086C7BA /* Beautiful_CalculatorTests.swift in Sources */ = {isa = PBXBuildFile; fileRef = 2B98F05A290A634A0086C7BA /* Beautiful_CalculatorTests.swift */; };
		2B98F065290A634A0086C7BA /* Beautiful_CalculatorUITests.swift in Sources */ = {isa = PBXBuildFile; fileRef = 2B98F064290A634A0086C7BA /* Beautiful_CalculatorUITests.swift */; };
		2B98F067290A634A0086C7BA /* Beautiful_CalculatorUITestsLaunchTests.swift in Sources */ = {isa = PBXBuildFile; fileRef = 2B98F066290A634A0086C7BA /* Beautiful_CalculatorUITestsLaunchTests.swift */; };
		2B98F076290A64140086C7BA /* Jost-VariableFont_wght.ttf in Resources */ = {isa = PBXBuildFile; fileRef = 2B98F075290A64140086C7BA /* Jost-VariableFont_wght.ttf */; };
		2B98F07B290A64F00086C7BA /* CalcBtn.swift in Sources */ = {isa = PBXBuildFile; fileRef = 2B98F07A290A64F00086C7BA /* CalcBtn.swift */; };
		2BA2A121291393E90034A30C /* ColorView.swift in Sources */ = {isa = PBXBuildFile; fileRef = 2BA2A120291393E90034A30C /* ColorView.swift */; };
		2BBE017B29D8F81F0030DE75 /* ColorName.swift in Sources */ = {isa = PBXBuildFile; fileRef = 2BBE017A29D8F81F0030DE75 /* ColorName.swift */; };
		2BC0A7F9291739BE00437609 /* ShadowViewModel.swift in Sources */ = {isa = PBXBuildFile; fileRef = 2BC0A7F8291739BE00437609 /* ShadowViewModel.swift */; };
		2BC0A7FB291744EE00437609 /* ConditionalShadow.swift in Sources */ = {isa = PBXBuildFile; fileRef = 2BC0A7FA291744EE00437609 /* ConditionalShadow.swift */; };
		2BC0A7FE291765D800437609 /* OptionCircleStyle.swift in Sources */ = {isa = PBXBuildFile; fileRef = 2BC0A7FD291765D800437609 /* OptionCircleStyle.swift */; };
		2BC0A8002917684100437609 /* TextColorOptionCircle.swift in Sources */ = {isa = PBXBuildFile; fileRef = 2BC0A7FF2917684100437609 /* TextColorOptionCircle.swift */; };
		2BC0A80229176C3B00437609 /* ContentViewExtension.swift in Sources */ = {isa = PBXBuildFile; fileRef = 2BC0A80129176C3B00437609 /* ContentViewExtension.swift */; };
		2BDCCACD2916047C001A7D7D /* SoftBtnStyle.swift in Sources */ = {isa = PBXBuildFile; fileRef = 2BDCCACC2916047C001A7D7D /* SoftBtnStyle.swift */; };
		2BE583772910EDCD00A76263 /* MyColors.swift in Sources */ = {isa = PBXBuildFile; fileRef = 2BE583762910EDCD00A76263 /* MyColors.swift */; };
		2BE5837A2910F50700A76263 /* ColorOptionCircle.swift in Sources */ = {isa = PBXBuildFile; fileRef = 2BE583792910F50700A76263 /* ColorOptionCircle.swift */; };
		2BE5837C2910FE8900A76263 /* ThemeOptionView.swift in Sources */ = {isa = PBXBuildFile; fileRef = 2BE5837B2910FE8900A76263 /* ThemeOptionView.swift */; };
		2BF3FE40291B76BF00C2611E /* Calculation.swift in Sources */ = {isa = PBXBuildFile; fileRef = 2BF3FE3F291B76BF00C2611E /* Calculation.swift */; };
/* End PBXBuildFile section */

/* Begin PBXContainerItemProxy section */
		2B279D3329DBCF7D00BE0BE0 /* PBXContainerItemProxy */ = {
			isa = PBXContainerItemProxy;
			containerPortal = 2B98F03E290A63490086C7BA /* Project object */;
			proxyType = 1;
			remoteGlobalIDString = 2B279D2629DBCF7C00BE0BE0;
			remoteInfo = BCWidgetExtension;
		};
		2B98F057290A634A0086C7BA /* PBXContainerItemProxy */ = {
			isa = PBXContainerItemProxy;
			containerPortal = 2B98F03E290A63490086C7BA /* Project object */;
			proxyType = 1;
			remoteGlobalIDString = 2B98F045290A63490086C7BA;
			remoteInfo = Beautiful_Calculator;
		};
		2B98F061290A634A0086C7BA /* PBXContainerItemProxy */ = {
			isa = PBXContainerItemProxy;
			containerPortal = 2B98F03E290A63490086C7BA /* Project object */;
			proxyType = 1;
			remoteGlobalIDString = 2B98F045290A63490086C7BA;
			remoteInfo = Beautiful_Calculator;
		};
/* End PBXContainerItemProxy section */

/* Begin PBXCopyFilesBuildPhase section */
		2B29714129DABD0300927BED /* Embed Foundation Extensions */ = {
			isa = PBXCopyFilesBuildPhase;
			buildActionMask = 2147483647;
			dstPath = "";
			dstSubfolderSpec = 13;
			files = (
				2B279D3529DBCF7D00BE0BE0 /* BCWidgetExtension.appex in Embed Foundation Extensions */,
			);
			name = "Embed Foundation Extensions";
			runOnlyForDeploymentPostprocessing = 0;
		};
/* End PBXCopyFilesBuildPhase section */

/* Begin PBXFileReference section */
		2B279D2729DBCF7C00BE0BE0 /* BCWidgetExtension.appex */ = {isa = PBXFileReference; explicitFileType = "wrapper.app-extension"; includeInIndex = 0; path = BCWidgetExtension.appex; sourceTree = BUILT_PRODUCTS_DIR; };
		2B279D2829DBCF7C00BE0BE0 /* WidgetKit.framework */ = {isa = PBXFileReference; lastKnownFileType = wrapper.framework; name = WidgetKit.framework; path = System/Library/Frameworks/WidgetKit.framework; sourceTree = SDKROOT; };
		2B279D2C29DBCF7C00BE0BE0 /* BCWidgetBundle.swift */ = {isa = PBXFileReference; lastKnownFileType = sourcecode.swift; path = BCWidgetBundle.swift; sourceTree = "<group>"; };
		2B279D2E29DBCF7C00BE0BE0 /* BCWidget.swift */ = {isa = PBXFileReference; lastKnownFileType = sourcecode.swift; path = BCWidget.swift; sourceTree = "<group>"; };
		2B279D3029DBCF7D00BE0BE0 /* Assets.xcassets */ = {isa = PBXFileReference; lastKnownFileType = folder.assetcatalog; path = Assets.xcassets; sourceTree = "<group>"; };
		2B279D3229DBCF7D00BE0BE0 /* Info.plist */ = {isa = PBXFileReference; lastKnownFileType = text.plist.xml; path = Info.plist; sourceTree = "<group>"; };
		2B29303E290F3BB200EFAD34 /* SettingView.swift */ = {isa = PBXFileReference; lastKnownFileType = sourcecode.swift; path = SettingView.swift; sourceTree = "<group>"; };
		2B29712C29DABD0200927BED /* SwiftUI.framework */ = {isa = PBXFileReference; lastKnownFileType = wrapper.framework; name = SwiftUI.framework; path = System/Library/Frameworks/SwiftUI.framework; sourceTree = SDKROOT; };
		2B30AF8D2918705F000FC59E /* RandomBlob.swift */ = {isa = PBXFileReference; lastKnownFileType = sourcecode.swift; path = RandomBlob.swift; sourceTree = "<group>"; };
		2B30AF8F291886BA000FC59E /* GlassBgView.swift */ = {isa = PBXFileReference; lastKnownFileType = sourcecode.swift; path = GlassBgView.swift; sourceTree = "<group>"; };
		2B5677372921C9010076869E /* CalculationState.swift */ = {isa = PBXFileReference; lastKnownFileType = sourcecode.swift; path = CalculationState.swift; sourceTree = "<group>"; };
		2B5AAD5D2914D465006F5249 /* SimpleLayout.swift */ = {isa = PBXFileReference; lastKnownFileType = sourcecode.swift; path = SimpleLayout.swift; sourceTree = "<group>"; };
		2B5AAD5F2914D663006F5249 /* GlassLayout.swift */ = {isa = PBXFileReference; lastKnownFileType = sourcecode.swift; path = GlassLayout.swift; sourceTree = "<group>"; };
		2B5AAD612914D679006F5249 /* SoftLayout.swift */ = {isa = PBXFileReference; lastKnownFileType = sourcecode.swift; path = SoftLayout.swift; sourceTree = "<group>"; };
		2B5AAD632914D969006F5249 /* AppEntry.swift */ = {isa = PBXFileReference; lastKnownFileType = sourcecode.swift; path = AppEntry.swift; sourceTree = "<group>"; };
		2B5AAD652914DAD4006F5249 /* CalnUtils.swift */ = {isa = PBXFileReference; lastKnownFileType = sourcecode.swift; path = CalnUtils.swift; sourceTree = "<group>"; };
		2B60391A291A1F67001D45A8 /* Montserrat-VariableFont_wght.ttf */ = {isa = PBXFileReference; lastKnownFileType = file; path = "Montserrat-VariableFont_wght.ttf"; sourceTree = "<group>"; };
		2B8DEB80291250200087D29E /* ThemeViewModel.swift */ = {isa = PBXFileReference; lastKnownFileType = sourcecode.swift; path = ThemeViewModel.swift; sourceTree = "<group>"; };
		2B8DEB82291253C30087D29E /* Themes.swift */ = {isa = PBXFileReference; lastKnownFileType = sourcecode.swift; path = Themes.swift; sourceTree = "<group>"; };
		2B98F046290A63490086C7BA /* Beautiful_Calculator.app */ = {isa = PBXFileReference; explicitFileType = wrapper.application; includeInIndex = 0; path = Beautiful_Calculator.app; sourceTree = BUILT_PRODUCTS_DIR; };
		2B98F049290A63490086C7BA /* Beautiful_CalculatorApp.swift */ = {isa = PBXFileReference; lastKnownFileType = sourcecode.swift; path = Beautiful_CalculatorApp.swift; sourceTree = "<group>"; };
		2B98F04B290A63490086C7BA /* ContentView.swift */ = {isa = PBXFileReference; lastKnownFileType = sourcecode.swift; path = ContentView.swift; sourceTree = "<group>"; };
		2B98F04D290A634A0086C7BA /* Assets.xcassets */ = {isa = PBXFileReference; lastKnownFileType = folder.assetcatalog; path = Assets.xcassets; sourceTree = "<group>"; };
		2B98F050290A634A0086C7BA /* Preview Assets.xcassets */ = {isa = PBXFileReference; lastKnownFileType = folder.assetcatalog; path = "Preview Assets.xcassets"; sourceTree = "<group>"; };
		2B98F056290A634A0086C7BA /* Beautiful_CalculatorTests.xctest */ = {isa = PBXFileReference; explicitFileType = wrapper.cfbundle; includeInIndex = 0; path = Beautiful_CalculatorTests.xctest; sourceTree = BUILT_PRODUCTS_DIR; };
		2B98F05A290A634A0086C7BA /* Beautiful_CalculatorTests.swift */ = {isa = PBXFileReference; lastKnownFileType = sourcecode.swift; path = Beautiful_CalculatorTests.swift; sourceTree = "<group>"; };
		2B98F060290A634A0086C7BA /* Beautiful_CalculatorUITests.xctest */ = {isa = PBXFileReference; explicitFileType = wrapper.cfbundle; includeInIndex = 0; path = Beautiful_CalculatorUITests.xctest; sourceTree = BUILT_PRODUCTS_DIR; };
		2B98F064290A634A0086C7BA /* Beautiful_CalculatorUITests.swift */ = {isa = PBXFileReference; lastKnownFileType = sourcecode.swift; path = Beautiful_CalculatorUITests.swift; sourceTree = "<group>"; };
		2B98F066290A634A0086C7BA /* Beautiful_CalculatorUITestsLaunchTests.swift */ = {isa = PBXFileReference; lastKnownFileType = sourcecode.swift; path = Beautiful_CalculatorUITestsLaunchTests.swift; sourceTree = "<group>"; };
		2B98F073290A63CE0086C7BA /* Beautiful-Calculator-Info.plist */ = {isa = PBXFileReference; lastKnownFileType = text.plist; path = "Beautiful-Calculator-Info.plist"; sourceTree = SOURCE_ROOT; };
		2B98F075290A64140086C7BA /* Jost-VariableFont_wght.ttf */ = {isa = PBXFileReference; lastKnownFileType = file; path = "Jost-VariableFont_wght.ttf"; sourceTree = "<group>"; };
		2B98F07A290A64F00086C7BA /* CalcBtn.swift */ = {isa = PBXFileReference; lastKnownFileType = sourcecode.swift; path = CalcBtn.swift; sourceTree = "<group>"; };
		2BA2A120291393E90034A30C /* ColorView.swift */ = {isa = PBXFileReference; lastKnownFileType = sourcecode.swift; path = ColorView.swift; sourceTree = "<group>"; };
		2BBE017A29D8F81F0030DE75 /* ColorName.swift */ = {isa = PBXFileReference; lastKnownFileType = sourcecode.swift; path = ColorName.swift; sourceTree = "<group>"; };
		2BC0A7F8291739BE00437609 /* ShadowViewModel.swift */ = {isa = PBXFileReference; lastKnownFileType = sourcecode.swift; path = ShadowViewModel.swift; sourceTree = "<group>"; };
		2BC0A7FA291744EE00437609 /* ConditionalShadow.swift */ = {isa = PBXFileReference; lastKnownFileType = sourcecode.swift; path = ConditionalShadow.swift; sourceTree = "<group>"; };
		2BC0A7FD291765D800437609 /* OptionCircleStyle.swift */ = {isa = PBXFileReference; lastKnownFileType = sourcecode.swift; path = OptionCircleStyle.swift; sourceTree = "<group>"; };
		2BC0A7FF2917684100437609 /* TextColorOptionCircle.swift */ = {isa = PBXFileReference; lastKnownFileType = sourcecode.swift; path = TextColorOptionCircle.swift; sourceTree = "<group>"; };
		2BC0A80129176C3B00437609 /* ContentViewExtension.swift */ = {isa = PBXFileReference; lastKnownFileType = sourcecode.swift; path = ContentViewExtension.swift; sourceTree = "<group>"; };
		2BDCCACC2916047C001A7D7D /* SoftBtnStyle.swift */ = {isa = PBXFileReference; lastKnownFileType = sourcecode.swift; path = SoftBtnStyle.swift; sourceTree = "<group>"; };
		2BE583762910EDCD00A76263 /* MyColors.swift */ = {isa = PBXFileReference; lastKnownFileType = sourcecode.swift; path = MyColors.swift; sourceTree = "<group>"; };
		2BE583792910F50700A76263 /* ColorOptionCircle.swift */ = {isa = PBXFileReference; lastKnownFileType = sourcecode.swift; path = ColorOptionCircle.swift; sourceTree = "<group>"; };
		2BE5837B2910FE8900A76263 /* ThemeOptionView.swift */ = {isa = PBXFileReference; lastKnownFileType = sourcecode.swift; path = ThemeOptionView.swift; sourceTree = "<group>"; };
		2BF3FE3F291B76BF00C2611E /* Calculation.swift */ = {isa = PBXFileReference; lastKnownFileType = sourcecode.swift; path = Calculation.swift; sourceTree = "<group>"; };
/* End PBXFileReference section */

/* Begin PBXFrameworksBuildPhase section */
		2B279D2429DBCF7C00BE0BE0 /* Frameworks */ = {
			isa = PBXFrameworksBuildPhase;
			buildActionMask = 2147483647;
			files = (
				2B279D2A29DBCF7C00BE0BE0 /* SwiftUI.framework in Frameworks */,
				2B279D2929DBCF7C00BE0BE0 /* WidgetKit.framework in Frameworks */,
			);
			runOnlyForDeploymentPostprocessing = 0;
		};
		2B98F043290A63490086C7BA /* Frameworks */ = {
			isa = PBXFrameworksBuildPhase;
			buildActionMask = 2147483647;
			files = (
			);
			runOnlyForDeploymentPostprocessing = 0;
		};
		2B98F053290A634A0086C7BA /* Frameworks */ = {
			isa = PBXFrameworksBuildPhase;
			buildActionMask = 2147483647;
			files = (
			);
			runOnlyForDeploymentPostprocessing = 0;
		};
		2B98F05D290A634A0086C7BA /* Frameworks */ = {
			isa = PBXFrameworksBuildPhase;
			buildActionMask = 2147483647;
			files = (
			);
			runOnlyForDeploymentPostprocessing = 0;
		};
/* End PBXFrameworksBuildPhase section */

/* Begin PBXGroup section */
		2B279D2B29DBCF7C00BE0BE0 /* BCWidget */ = {
			isa = PBXGroup;
			children = (
				2B279D2C29DBCF7C00BE0BE0 /* BCWidgetBundle.swift */,
				2B279D2E29DBCF7C00BE0BE0 /* BCWidget.swift */,
				2B279D3029DBCF7D00BE0BE0 /* Assets.xcassets */,
				2B279D3229DBCF7D00BE0BE0 /* Info.plist */,
			);
			path = BCWidget;
			sourceTree = "<group>";
		};
		2B29712929DABD0200927BED /* Frameworks */ = {
			isa = PBXGroup;
			children = (
				2B29712C29DABD0200927BED /* SwiftUI.framework */,
				2B279D2829DBCF7C00BE0BE0 /* WidgetKit.framework */,
			);
			name = Frameworks;
			sourceTree = "<group>";
		};
		2B5AAD5C2914D41C006F5249 /* layout */ = {
			isa = PBXGroup;
			children = (
				2BC0A7FC291744F400437609 /* customModifier */,
				2BDCCAD1291635F4001A7D7D /* setting */,
				2BDCCAD0291635C6001A7D7D /* envViewModels */,
				2BDCCACF29163225001A7D7D /* simple */,
				2BDCCACE29163214001A7D7D /* glass */,
				2BDCCACB29160425001A7D7D /* soft */,
			);
			path = layout;
			sourceTree = "<group>";
		};
		2B8DEB7E29124F060087D29E /* extension */ = {
			isa = PBXGroup;
			children = (
				2BE583762910EDCD00A76263 /* MyColors.swift */,
				2BC0A80129176C3B00437609 /* ContentViewExtension.swift */,
			);
			path = extension;
			sourceTree = "<group>";
		};
		2B98F03D290A63490086C7BA = {
			isa = PBXGroup;
			children = (
				2B98F048290A63490086C7BA /* Beautiful_Calculator */,
				2B98F059290A634A0086C7BA /* Beautiful_CalculatorTests */,
				2B98F063290A634A0086C7BA /* Beautiful_CalculatorUITests */,
				2B279D2B29DBCF7C00BE0BE0 /* BCWidget */,
				2B29712929DABD0200927BED /* Frameworks */,
				2B98F047290A63490086C7BA /* Products */,
			);
			sourceTree = "<group>";
		};
		2B98F047290A63490086C7BA /* Products */ = {
			isa = PBXGroup;
			children = (
				2B98F046290A63490086C7BA /* Beautiful_Calculator.app */,
				2B98F056290A634A0086C7BA /* Beautiful_CalculatorTests.xctest */,
				2B98F060290A634A0086C7BA /* Beautiful_CalculatorUITests.xctest */,
				2B279D2729DBCF7C00BE0BE0 /* BCWidgetExtension.appex */,
			);
			name = Products;
			sourceTree = "<group>";
		};
		2B98F048290A63490086C7BA /* Beautiful_Calculator */ = {
			isa = PBXGroup;
			children = (
				2B5AAD5C2914D41C006F5249 /* layout */,
				2B8DEB7E29124F060087D29E /* extension */,
				2B98F079290A64DA0086C7BA /* enums */,
				2B98F078290A64D20086C7BA /* structs */,
				2B98F077290A64280086C7BA /* fonts */,
				2B98F073290A63CE0086C7BA /* Beautiful-Calculator-Info.plist */,
				2B98F049290A63490086C7BA /* Beautiful_CalculatorApp.swift */,
				2B98F04B290A63490086C7BA /* ContentView.swift */,
				2B5AAD632914D969006F5249 /* AppEntry.swift */,
				2B98F04D290A634A0086C7BA /* Assets.xcassets */,
				2B98F04F290A634A0086C7BA /* Preview Content */,
			);
			path = Beautiful_Calculator;
			sourceTree = "<group>";
		};
		2B98F04F290A634A0086C7BA /* Preview Content */ = {
			isa = PBXGroup;
			children = (
				2B98F050290A634A0086C7BA /* Preview Assets.xcassets */,
			);
			path = "Preview Content";
			sourceTree = "<group>";
		};
		2B98F059290A634A0086C7BA /* Beautiful_CalculatorTests */ = {
			isa = PBXGroup;
			children = (
				2B98F05A290A634A0086C7BA /* Beautiful_CalculatorTests.swift */,
			);
			path = Beautiful_CalculatorTests;
			sourceTree = "<group>";
		};
		2B98F063290A634A0086C7BA /* Beautiful_CalculatorUITests */ = {
			isa = PBXGroup;
			children = (
				2B98F064290A634A0086C7BA /* Beautiful_CalculatorUITests.swift */,
				2B98F066290A634A0086C7BA /* Beautiful_CalculatorUITestsLaunchTests.swift */,
			);
			path = Beautiful_CalculatorUITests;
			sourceTree = "<group>";
		};
		2B98F077290A64280086C7BA /* fonts */ = {
			isa = PBXGroup;
			children = (
				2B98F075290A64140086C7BA /* Jost-VariableFont_wght.ttf */,
				2B60391A291A1F67001D45A8 /* Montserrat-VariableFont_wght.ttf */,
			);
			path = fonts;
			sourceTree = "<group>";
		};
		2B98F078290A64D20086C7BA /* structs */ = {
			isa = PBXGroup;
			children = (
				2B5AAD652914DAD4006F5249 /* CalnUtils.swift */,
				2BF3FE3F291B76BF00C2611E /* Calculation.swift */,
			);
			path = structs;
			sourceTree = "<group>";
		};
		2B98F079290A64DA0086C7BA /* enums */ = {
			isa = PBXGroup;
			children = (
				2B98F07A290A64F00086C7BA /* CalcBtn.swift */,
				2B8DEB82291253C30087D29E /* Themes.swift */,
				2B5677372921C9010076869E /* CalculationState.swift */,
				2BBE017A29D8F81F0030DE75 /* ColorName.swift */,
			);
			path = enums;
			sourceTree = "<group>";
		};
		2BC0A7FC291744F400437609 /* customModifier */ = {
			isa = PBXGroup;
			children = (
				2BC0A7FA291744EE00437609 /* ConditionalShadow.swift */,
				2BC0A7FD291765D800437609 /* OptionCircleStyle.swift */,
			);
			path = customModifier;
			sourceTree = "<group>";
		};
		2BDCCACB29160425001A7D7D /* soft */ = {
			isa = PBXGroup;
			children = (
				2B5AAD612914D679006F5249 /* SoftLayout.swift */,
				2BDCCACC2916047C001A7D7D /* SoftBtnStyle.swift */,
			);
			path = soft;
			sourceTree = "<group>";
		};
		2BDCCACE29163214001A7D7D /* glass */ = {
			isa = PBXGroup;
			children = (
				2B5AAD5F2914D663006F5249 /* GlassLayout.swift */,
				2B30AF8D2918705F000FC59E /* RandomBlob.swift */,
				2B30AF8F291886BA000FC59E /* GlassBgView.swift */,
			);
			path = glass;
			sourceTree = "<group>";
		};
		2BDCCACF29163225001A7D7D /* simple */ = {
			isa = PBXGroup;
			children = (
				2B5AAD5D2914D465006F5249 /* SimpleLayout.swift */,
			);
			path = simple;
			sourceTree = "<group>";
		};
		2BDCCAD0291635C6001A7D7D /* envViewModels */ = {
			isa = PBXGroup;
			children = (
				2BA2A120291393E90034A30C /* ColorView.swift */,
				2B8DEB80291250200087D29E /* ThemeViewModel.swift */,
				2BC0A7F8291739BE00437609 /* ShadowViewModel.swift */,
			);
			path = envViewModels;
			sourceTree = "<group>";
		};
		2BDCCAD1291635F4001A7D7D /* setting */ = {
			isa = PBXGroup;
			children = (
				2BE583792910F50700A76263 /* ColorOptionCircle.swift */,
				2BC0A7FF2917684100437609 /* TextColorOptionCircle.swift */,
				2BE5837B2910FE8900A76263 /* ThemeOptionView.swift */,
				2B29303E290F3BB200EFAD34 /* SettingView.swift */,
			);
			path = setting;
			sourceTree = "<group>";
		};
/* End PBXGroup section */

/* Begin PBXNativeTarget section */
		2B279D2629DBCF7C00BE0BE0 /* BCWidgetExtension */ = {
			isa = PBXNativeTarget;
			buildConfigurationList = 2B279D3629DBCF7D00BE0BE0 /* Build configuration list for PBXNativeTarget "BCWidgetExtension" */;
			buildPhases = (
				2B279D2329DBCF7C00BE0BE0 /* Sources */,
				2B279D2429DBCF7C00BE0BE0 /* Frameworks */,
				2B279D2529DBCF7C00BE0BE0 /* Resources */,
			);
			buildRules = (
			);
			dependencies = (
			);
			name = BCWidgetExtension;
			productName = BCWidgetExtension;
			productReference = 2B279D2729DBCF7C00BE0BE0 /* BCWidgetExtension.appex */;
			productType = "com.apple.product-type.app-extension";
		};
		2B98F045290A63490086C7BA /* Beautiful_Calculator */ = {
			isa = PBXNativeTarget;
			buildConfigurationList = 2B98F06A290A634A0086C7BA /* Build configuration list for PBXNativeTarget "Beautiful_Calculator" */;
			buildPhases = (
				2B98F042290A63490086C7BA /* Sources */,
				2B98F043290A63490086C7BA /* Frameworks */,
				2B98F044290A63490086C7BA /* Resources */,
				2B29714129DABD0300927BED /* Embed Foundation Extensions */,
			);
			buildRules = (
			);
			dependencies = (
				2B279D3429DBCF7D00BE0BE0 /* PBXTargetDependency */,
			);
			name = Beautiful_Calculator;
			packageProductDependencies = (
			);
			productName = Beautiful_Calculator;
			productReference = 2B98F046290A63490086C7BA /* Beautiful_Calculator.app */;
			productType = "com.apple.product-type.application";
		};
		2B98F055290A634A0086C7BA /* Beautiful_CalculatorTests */ = {
			isa = PBXNativeTarget;
			buildConfigurationList = 2B98F06D290A634A0086C7BA /* Build configuration list for PBXNativeTarget "Beautiful_CalculatorTests" */;
			buildPhases = (
				2B98F052290A634A0086C7BA /* Sources */,
				2B98F053290A634A0086C7BA /* Frameworks */,
				2B98F054290A634A0086C7BA /* Resources */,
			);
			buildRules = (
			);
			dependencies = (
				2B98F058290A634A0086C7BA /* PBXTargetDependency */,
			);
			name = Beautiful_CalculatorTests;
			productName = Beautiful_CalculatorTests;
			productReference = 2B98F056290A634A0086C7BA /* Beautiful_CalculatorTests.xctest */;
			productType = "com.apple.product-type.bundle.unit-test";
		};
		2B98F05F290A634A0086C7BA /* Beautiful_CalculatorUITests */ = {
			isa = PBXNativeTarget;
			buildConfigurationList = 2B98F070290A634A0086C7BA /* Build configuration list for PBXNativeTarget "Beautiful_CalculatorUITests" */;
			buildPhases = (
				2B98F05C290A634A0086C7BA /* Sources */,
				2B98F05D290A634A0086C7BA /* Frameworks */,
				2B98F05E290A634A0086C7BA /* Resources */,
			);
			buildRules = (
			);
			dependencies = (
				2B98F062290A634A0086C7BA /* PBXTargetDependency */,
			);
			name = Beautiful_CalculatorUITests;
			productName = Beautiful_CalculatorUITests;
			productReference = 2B98F060290A634A0086C7BA /* Beautiful_CalculatorUITests.xctest */;
			productType = "com.apple.product-type.bundle.ui-testing";
		};
/* End PBXNativeTarget section */

/* Begin PBXProject section */
		2B98F03E290A63490086C7BA /* Project object */ = {
			isa = PBXProject;
			attributes = {
				BuildIndependentTargetsInParallel = 1;
				LastSwiftUpdateCheck = 1430;
				LastUpgradeCheck = 1400;
				TargetAttributes = {
					2B279D2629DBCF7C00BE0BE0 = {
						CreatedOnToolsVersion = 14.3;
					};
					2B98F045290A63490086C7BA = {
						CreatedOnToolsVersion = 14.0.1;
					};
					2B98F055290A634A0086C7BA = {
						CreatedOnToolsVersion = 14.0.1;
						TestTargetID = 2B98F045290A63490086C7BA;
					};
					2B98F05F290A634A0086C7BA = {
						CreatedOnToolsVersion = 14.0.1;
						TestTargetID = 2B98F045290A63490086C7BA;
					};
				};
			};
			buildConfigurationList = 2B98F041290A63490086C7BA /* Build configuration list for PBXProject "Beautiful_Calculator" */;
			compatibilityVersion = "Xcode 14.0";
			developmentRegion = en;
			hasScannedForEncodings = 0;
			knownRegions = (
				en,
				Base,
			);
			mainGroup = 2B98F03D290A63490086C7BA;
			packageReferences = (
			);
			productRefGroup = 2B98F047290A63490086C7BA /* Products */;
			projectDirPath = "";
			projectRoot = "";
			targets = (
				2B98F045290A63490086C7BA /* Beautiful_Calculator */,
				2B98F055290A634A0086C7BA /* Beautiful_CalculatorTests */,
				2B98F05F290A634A0086C7BA /* Beautiful_CalculatorUITests */,
				2B279D2629DBCF7C00BE0BE0 /* BCWidgetExtension */,
			);
		};
/* End PBXProject section */

/* Begin PBXResourcesBuildPhase section */
		2B279D2529DBCF7C00BE0BE0 /* Resources */ = {
			isa = PBXResourcesBuildPhase;
			buildActionMask = 2147483647;
			files = (
				2B279D3129DBCF7D00BE0BE0 /* Assets.xcassets in Resources */,
			);
			runOnlyForDeploymentPostprocessing = 0;
		};
		2B98F044290A63490086C7BA /* Resources */ = {
			isa = PBXResourcesBuildPhase;
			buildActionMask = 2147483647;
			files = (
				2B98F051290A634A0086C7BA /* Preview Assets.xcassets in Resources */,
				2B98F04E290A634A0086C7BA /* Assets.xcassets in Resources */,
				2B98F076290A64140086C7BA /* Jost-VariableFont_wght.ttf in Resources */,
				2B60391B291A1F67001D45A8 /* Montserrat-VariableFont_wght.ttf in Resources */,
			);
			runOnlyForDeploymentPostprocessing = 0;
		};
		2B98F054290A634A0086C7BA /* Resources */ = {
			isa = PBXResourcesBuildPhase;
			buildActionMask = 2147483647;
			files = (
			);
			runOnlyForDeploymentPostprocessing = 0;
		};
		2B98F05E290A634A0086C7BA /* Resources */ = {
			isa = PBXResourcesBuildPhase;
			buildActionMask = 2147483647;
			files = (
			);
			runOnlyForDeploymentPostprocessing = 0;
		};
/* End PBXResourcesBuildPhase section */

/* Begin PBXSourcesBuildPhase section */
		2B279D2329DBCF7C00BE0BE0 /* Sources */ = {
			isa = PBXSourcesBuildPhase;
			buildActionMask = 2147483647;
			files = (
				2B279D2F29DBCF7C00BE0BE0 /* BCWidget.swift in Sources */,
				2B279D2D29DBCF7C00BE0BE0 /* BCWidgetBundle.swift in Sources */,
			);
			runOnlyForDeploymentPostprocessing = 0;
		};
		2B98F042290A63490086C7BA /* Sources */ = {
			isa = PBXSourcesBuildPhase;
			buildActionMask = 2147483647;
			files = (
				2B5677382921C9010076869E /* CalculationState.swift in Sources */,
				2B98F04C290A63490086C7BA /* ContentView.swift in Sources */,
				2BE583772910EDCD00A76263 /* MyColors.swift in Sources */,
				2B5AAD642914D969006F5249 /* AppEntry.swift in Sources */,
				2B29303F290F3BB200EFAD34 /* SettingView.swift in Sources */,
				2BC0A7FB291744EE00437609 /* ConditionalShadow.swift in Sources */,
				2B5AAD622914D679006F5249 /* SoftLayout.swift in Sources */,
				2BE5837A2910F50700A76263 /* ColorOptionCircle.swift in Sources */,
				2B8DEB83291253C30087D29E /* Themes.swift in Sources */,
				2BC0A7F9291739BE00437609 /* ShadowViewModel.swift in Sources */,
				2BC0A80229176C3B00437609 /* ContentViewExtension.swift in Sources */,
				2B98F07B290A64F00086C7BA /* CalcBtn.swift in Sources */,
				2B98F04A290A63490086C7BA /* Beautiful_CalculatorApp.swift in Sources */,
				2B5AAD662914DAD4006F5249 /* CalnUtils.swift in Sources */,
				2B8DEB81291250200087D29E /* ThemeViewModel.swift in Sources */,
				2BC0A7FE291765D800437609 /* OptionCircleStyle.swift in Sources */,
				2BBE017B29D8F81F0030DE75 /* ColorName.swift in Sources */,
				2B5AAD5E2914D465006F5249 /* SimpleLayout.swift in Sources */,
				2BA2A121291393E90034A30C /* ColorView.swift in Sources */,
				2B5AAD602914D663006F5249 /* GlassLayout.swift in Sources */,
				2BC0A8002917684100437609 /* TextColorOptionCircle.swift in Sources */,
				2BF3FE40291B76BF00C2611E /* Calculation.swift in Sources */,
				2BDCCACD2916047C001A7D7D /* SoftBtnStyle.swift in Sources */,
				2BE5837C2910FE8900A76263 /* ThemeOptionView.swift in Sources */,
				2B30AF90291886BA000FC59E /* GlassBgView.swift in Sources */,
				2B30AF8E2918705F000FC59E /* RandomBlob.swift in Sources */,
			);
			runOnlyForDeploymentPostprocessing = 0;
		};
		2B98F052290A634A0086C7BA /* Sources */ = {
			isa = PBXSourcesBuildPhase;
			buildActionMask = 2147483647;
			files = (
				2B98F05B290A634A0086C7BA /* Beautiful_CalculatorTests.swift in Sources */,
			);
			runOnlyForDeploymentPostprocessing = 0;
		};
		2B98F05C290A634A0086C7BA /* Sources */ = {
			isa = PBXSourcesBuildPhase;
			buildActionMask = 2147483647;
			files = (
				2B98F067290A634A0086C7BA /* Beautiful_CalculatorUITestsLaunchTests.swift in Sources */,
				2B98F065290A634A0086C7BA /* Beautiful_CalculatorUITests.swift in Sources */,
			);
			runOnlyForDeploymentPostprocessing = 0;
		};
/* End PBXSourcesBuildPhase section */

/* Begin PBXTargetDependency section */
		2B279D3429DBCF7D00BE0BE0 /* PBXTargetDependency */ = {
			isa = PBXTargetDependency;
			target = 2B279D2629DBCF7C00BE0BE0 /* BCWidgetExtension */;
			targetProxy = 2B279D3329DBCF7D00BE0BE0 /* PBXContainerItemProxy */;
		};
		2B98F058290A634A0086C7BA /* PBXTargetDependency */ = {
			isa = PBXTargetDependency;
			target = 2B98F045290A63490086C7BA /* Beautiful_Calculator */;
			targetProxy = 2B98F057290A634A0086C7BA /* PBXContainerItemProxy */;
		};
		2B98F062290A634A0086C7BA /* PBXTargetDependency */ = {
			isa = PBXTargetDependency;
			target = 2B98F045290A63490086C7BA /* Beautiful_Calculator */;
			targetProxy = 2B98F061290A634A0086C7BA /* PBXContainerItemProxy */;
		};
/* End PBXTargetDependency section */

/* Begin XCBuildConfiguration section */
		2B279D3729DBCF7D00BE0BE0 /* Debug */ = {
			isa = XCBuildConfiguration;
			buildSettings = {
				ASSETCATALOG_COMPILER_GLOBAL_ACCENT_COLOR_NAME = AccentColor;
				ASSETCATALOG_COMPILER_WIDGET_BACKGROUND_COLOR_NAME = WidgetBackground;
				CODE_SIGN_STYLE = Automatic;
				CURRENT_PROJECT_VERSION = 1;
				DEVELOPMENT_TEAM = 4HXZ9JZTUY;
				GENERATE_INFOPLIST_FILE = YES;
				INFOPLIST_FILE = BCWidget/Info.plist;
				INFOPLIST_KEY_CFBundleDisplayName = BCWidget;
				INFOPLIST_KEY_NSHumanReadableCopyright = "";
				IPHONEOS_DEPLOYMENT_TARGET = 16.4;
				LD_RUNPATH_SEARCH_PATHS = (
					"$(inherited)",
					"@executable_path/Frameworks",
					"@executable_path/../../Frameworks",
				);
				MARKETING_VERSION = 1.0;
				PRODUCT_BUNDLE_IDENTIFIER = "com.ryunosuke.Beautiful-Calculator.BCWidget";
				PRODUCT_NAME = "$(TARGET_NAME)";
				SKIP_INSTALL = YES;
				SWIFT_EMIT_LOC_STRINGS = YES;
				SWIFT_VERSION = 5.0;
				TARGETED_DEVICE_FAMILY = "1,2";
			};
			name = Debug;
		};
		2B279D3829DBCF7D00BE0BE0 /* Release */ = {
			isa = XCBuildConfiguration;
			buildSettings = {
				ASSETCATALOG_COMPILER_GLOBAL_ACCENT_COLOR_NAME = AccentColor;
				ASSETCATALOG_COMPILER_WIDGET_BACKGROUND_COLOR_NAME = WidgetBackground;
				CODE_SIGN_STYLE = Automatic;
				CURRENT_PROJECT_VERSION = 1;
				DEVELOPMENT_TEAM = 4HXZ9JZTUY;
				GENERATE_INFOPLIST_FILE = YES;
				INFOPLIST_FILE = BCWidget/Info.plist;
				INFOPLIST_KEY_CFBundleDisplayName = BCWidget;
				INFOPLIST_KEY_NSHumanReadableCopyright = "";
				IPHONEOS_DEPLOYMENT_TARGET = 16.4;
				LD_RUNPATH_SEARCH_PATHS = (
					"$(inherited)",
					"@executable_path/Frameworks",
					"@executable_path/../../Frameworks",
				);
				MARKETING_VERSION = 1.0;
				PRODUCT_BUNDLE_IDENTIFIER = "com.ryunosuke.Beautiful-Calculator.BCWidget";
				PRODUCT_NAME = "$(TARGET_NAME)";
				SKIP_INSTALL = YES;
				SWIFT_EMIT_LOC_STRINGS = YES;
				SWIFT_VERSION = 5.0;
				TARGETED_DEVICE_FAMILY = "1,2";
			};
			name = Release;
		};
		2B98F068290A634A0086C7BA /* Debug */ = {
			isa = XCBuildConfiguration;
			buildSettings = {
				ALWAYS_SEARCH_USER_PATHS = NO;
				CLANG_ANALYZER_NONNULL = YES;
				CLANG_ANALYZER_NUMBER_OBJECT_CONVERSION = YES_AGGRESSIVE;
				CLANG_CXX_LANGUAGE_STANDARD = "gnu++20";
				CLANG_ENABLE_MODULES = YES;
				CLANG_ENABLE_OBJC_ARC = YES;
				CLANG_ENABLE_OBJC_WEAK = YES;
				CLANG_WARN_BLOCK_CAPTURE_AUTORELEASING = YES;
				CLANG_WARN_BOOL_CONVERSION = YES;
				CLANG_WARN_COMMA = YES;
				CLANG_WARN_CONSTANT_CONVERSION = YES;
				CLANG_WARN_DEPRECATED_OBJC_IMPLEMENTATIONS = YES;
				CLANG_WARN_DIRECT_OBJC_ISA_USAGE = YES_ERROR;
				CLANG_WARN_DOCUMENTATION_COMMENTS = YES;
				CLANG_WARN_EMPTY_BODY = YES;
				CLANG_WARN_ENUM_CONVERSION = YES;
				CLANG_WARN_INFINITE_RECURSION = YES;
				CLANG_WARN_INT_CONVERSION = YES;
				CLANG_WARN_NON_LITERAL_NULL_CONVERSION = YES;
				CLANG_WARN_OBJC_IMPLICIT_RETAIN_SELF = YES;
				CLANG_WARN_OBJC_LITERAL_CONVERSION = YES;
				CLANG_WARN_OBJC_ROOT_CLASS = YES_ERROR;
				CLANG_WARN_QUOTED_INCLUDE_IN_FRAMEWORK_HEADER = YES;
				CLANG_WARN_RANGE_LOOP_ANALYSIS = YES;
				CLANG_WARN_STRICT_PROTOTYPES = YES;
				CLANG_WARN_SUSPICIOUS_MOVE = YES;
				CLANG_WARN_UNGUARDED_AVAILABILITY = YES_AGGRESSIVE;
				CLANG_WARN_UNREACHABLE_CODE = YES;
				CLANG_WARN__DUPLICATE_METHOD_MATCH = YES;
				COPY_PHASE_STRIP = NO;
				DEBUG_INFORMATION_FORMAT = dwarf;
				ENABLE_STRICT_OBJC_MSGSEND = YES;
				ENABLE_TESTABILITY = YES;
				GCC_C_LANGUAGE_STANDARD = gnu11;
				GCC_DYNAMIC_NO_PIC = NO;
				GCC_NO_COMMON_BLOCKS = YES;
				GCC_OPTIMIZATION_LEVEL = 0;
				GCC_PREPROCESSOR_DEFINITIONS = (
					"DEBUG=1",
					"$(inherited)",
				);
				GCC_WARN_64_TO_32_BIT_CONVERSION = YES;
				GCC_WARN_ABOUT_RETURN_TYPE = YES_ERROR;
				GCC_WARN_UNDECLARED_SELECTOR = YES;
				GCC_WARN_UNINITIALIZED_AUTOS = YES_AGGRESSIVE;
				GCC_WARN_UNUSED_FUNCTION = YES;
				GCC_WARN_UNUSED_VARIABLE = YES;
				IPHONEOS_DEPLOYMENT_TARGET = 16.0;
				MTL_ENABLE_DEBUG_INFO = INCLUDE_SOURCE;
				MTL_FAST_MATH = YES;
				ONLY_ACTIVE_ARCH = YES;
				SDKROOT = iphoneos;
				SWIFT_ACTIVE_COMPILATION_CONDITIONS = DEBUG;
				SWIFT_OPTIMIZATION_LEVEL = "-Onone";
			};
			name = Debug;
		};
		2B98F069290A634A0086C7BA /* Release */ = {
			isa = XCBuildConfiguration;
			buildSettings = {
				ALWAYS_SEARCH_USER_PATHS = NO;
				CLANG_ANALYZER_NONNULL = YES;
				CLANG_ANALYZER_NUMBER_OBJECT_CONVERSION = YES_AGGRESSIVE;
				CLANG_CXX_LANGUAGE_STANDARD = "gnu++20";
				CLANG_ENABLE_MODULES = YES;
				CLANG_ENABLE_OBJC_ARC = YES;
				CLANG_ENABLE_OBJC_WEAK = YES;
				CLANG_WARN_BLOCK_CAPTURE_AUTORELEASING = YES;
				CLANG_WARN_BOOL_CONVERSION = YES;
				CLANG_WARN_COMMA = YES;
				CLANG_WARN_CONSTANT_CONVERSION = YES;
				CLANG_WARN_DEPRECATED_OBJC_IMPLEMENTATIONS = YES;
				CLANG_WARN_DIRECT_OBJC_ISA_USAGE = YES_ERROR;
				CLANG_WARN_DOCUMENTATION_COMMENTS = YES;
				CLANG_WARN_EMPTY_BODY = YES;
				CLANG_WARN_ENUM_CONVERSION = YES;
				CLANG_WARN_INFINITE_RECURSION = YES;
				CLANG_WARN_INT_CONVERSION = YES;
				CLANG_WARN_NON_LITERAL_NULL_CONVERSION = YES;
				CLANG_WARN_OBJC_IMPLICIT_RETAIN_SELF = YES;
				CLANG_WARN_OBJC_LITERAL_CONVERSION = YES;
				CLANG_WARN_OBJC_ROOT_CLASS = YES_ERROR;
				CLANG_WARN_QUOTED_INCLUDE_IN_FRAMEWORK_HEADER = YES;
				CLANG_WARN_RANGE_LOOP_ANALYSIS = YES;
				CLANG_WARN_STRICT_PROTOTYPES = YES;
				CLANG_WARN_SUSPICIOUS_MOVE = YES;
				CLANG_WARN_UNGUARDED_AVAILABILITY = YES_AGGRESSIVE;
				CLANG_WARN_UNREACHABLE_CODE = YES;
				CLANG_WARN__DUPLICATE_METHOD_MATCH = YES;
				COPY_PHASE_STRIP = NO;
				DEBUG_INFORMATION_FORMAT = "dwarf-with-dsym";
				ENABLE_NS_ASSERTIONS = NO;
				ENABLE_STRICT_OBJC_MSGSEND = YES;
				GCC_C_LANGUAGE_STANDARD = gnu11;
				GCC_NO_COMMON_BLOCKS = YES;
				GCC_WARN_64_TO_32_BIT_CONVERSION = YES;
				GCC_WARN_ABOUT_RETURN_TYPE = YES_ERROR;
				GCC_WARN_UNDECLARED_SELECTOR = YES;
				GCC_WARN_UNINITIALIZED_AUTOS = YES_AGGRESSIVE;
				GCC_WARN_UNUSED_FUNCTION = YES;
				GCC_WARN_UNUSED_VARIABLE = YES;
				IPHONEOS_DEPLOYMENT_TARGET = 16.0;
				MTL_ENABLE_DEBUG_INFO = NO;
				MTL_FAST_MATH = YES;
				ONLY_ACTIVE_ARCH = NO;
				SDKROOT = iphoneos;
				SWIFT_COMPILATION_MODE = wholemodule;
				SWIFT_OPTIMIZATION_LEVEL = "-O";
				VALIDATE_PRODUCT = YES;
			};
			name = Release;
		};
		2B98F06B290A634A0086C7BA /* Debug */ = {
			isa = XCBuildConfiguration;
			buildSettings = {
				ALWAYS_EMBED_SWIFT_STANDARD_LIBRARIES = YES;
				ASSETCATALOG_COMPILER_APPICON_NAME = AppIcon;
				ASSETCATALOG_COMPILER_GLOBAL_ACCENT_COLOR_NAME = AccentColor;
				CODE_SIGN_STYLE = Automatic;
				CURRENT_PROJECT_VERSION = 1;
				DEVELOPMENT_ASSET_PATHS = "\"Beautiful_Calculator/Preview Content\"";
				DEVELOPMENT_TEAM = 4HXZ9JZTUY;
				ENABLE_PREVIEWS = YES;
				GENERATE_INFOPLIST_FILE = YES;
				INFOPLIST_FILE = "Beautiful-Calculator-Info.plist";
				INFOPLIST_KEY_LSApplicationCategoryType = "";
				INFOPLIST_KEY_UIApplicationSceneManifest_Generation = YES;
				INFOPLIST_KEY_UIApplicationSupportsIndirectInputEvents = YES;
				INFOPLIST_KEY_UISupportedInterfaceOrientations = UIInterfaceOrientationPortrait;
				INFOPLIST_KEY_UISupportedInterfaceOrientations_iPad = "UIInterfaceOrientationLandscapeLeft UIInterfaceOrientationLandscapeRight UIInterfaceOrientationPortrait UIInterfaceOrientationPortraitUpsideDown";
				LD_RUNPATH_SEARCH_PATHS = (
					"$(inherited)",
					"@executable_path/Frameworks",
				);
				MARKETING_VERSION = 1.0;
				PRODUCT_BUNDLE_IDENTIFIER = "com.ryunosuke.Beautiful-Calculator";
				PRODUCT_NAME = "$(TARGET_NAME)";
				SWIFT_EMIT_LOC_STRINGS = YES;
				SWIFT_VERSION = 5.0;
				TARGETED_DEVICE_FAMILY = 1;
			};
			name = Debug;
		};
		2B98F06C290A634A0086C7BA /* Release */ = {
			isa = XCBuildConfiguration;
			buildSettings = {
				ALWAYS_EMBED_SWIFT_STANDARD_LIBRARIES = YES;
				ASSETCATALOG_COMPILER_APPICON_NAME = AppIcon;
				ASSETCATALOG_COMPILER_GLOBAL_ACCENT_COLOR_NAME = AccentColor;
				CODE_SIGN_STYLE = Automatic;
				CURRENT_PROJECT_VERSION = 1;
				DEVELOPMENT_ASSET_PATHS = "\"Beautiful_Calculator/Preview Content\"";
				DEVELOPMENT_TEAM = 4HXZ9JZTUY;
				ENABLE_PREVIEWS = YES;
				GENERATE_INFOPLIST_FILE = YES;
				INFOPLIST_FILE = "Beautiful-Calculator-Info.plist";
				INFOPLIST_KEY_LSApplicationCategoryType = "";
				INFOPLIST_KEY_UIApplicationSceneManifest_Generation = YES;
				INFOPLIST_KEY_UIApplicationSupportsIndirectInputEvents = YES;
				INFOPLIST_KEY_UISupportedInterfaceOrientations = UIInterfaceOrientationPortrait;
				INFOPLIST_KEY_UISupportedInterfaceOrientations_iPad = "UIInterfaceOrientationLandscapeLeft UIInterfaceOrientationLandscapeRight UIInterfaceOrientationPortrait UIInterfaceOrientationPortraitUpsideDown";
				LD_RUNPATH_SEARCH_PATHS = (
					"$(inherited)",
					"@executable_path/Frameworks",
				);
				MARKETING_VERSION = 1.0;
				PRODUCT_BUNDLE_IDENTIFIER = "com.ryunosuke.Beautiful-Calculator";
				PRODUCT_NAME = "$(TARGET_NAME)";
				SWIFT_EMIT_LOC_STRINGS = YES;
				SWIFT_VERSION = 5.0;
				TARGETED_DEVICE_FAMILY = 1;
			};
			name = Release;
		};
		2B98F06E290A634A0086C7BA /* Debug */ = {
			isa = XCBuildConfiguration;
			buildSettings = {
				ALWAYS_EMBED_SWIFT_STANDARD_LIBRARIES = YES;
				BUNDLE_LOADER = "$(TEST_HOST)";
				CODE_SIGN_STYLE = Automatic;
				CURRENT_PROJECT_VERSION = 1;
				GENERATE_INFOPLIST_FILE = YES;
				IPHONEOS_DEPLOYMENT_TARGET = 16.0;
				MARKETING_VERSION = 1.0;
				PRODUCT_BUNDLE_IDENTIFIER = "com.ryunosuke.Beautiful-CalculatorTests";
				PRODUCT_NAME = "$(TARGET_NAME)";
				SWIFT_EMIT_LOC_STRINGS = NO;
				SWIFT_VERSION = 5.0;
				TARGETED_DEVICE_FAMILY = "1,2";
				TEST_HOST = "$(BUILT_PRODUCTS_DIR)/Beautiful_Calculator.app/$(BUNDLE_EXECUTABLE_FOLDER_PATH)/Beautiful_Calculator";
			};
			name = Debug;
		};
		2B98F06F290A634A0086C7BA /* Release */ = {
			isa = XCBuildConfiguration;
			buildSettings = {
				ALWAYS_EMBED_SWIFT_STANDARD_LIBRARIES = YES;
				BUNDLE_LOADER = "$(TEST_HOST)";
				CODE_SIGN_STYLE = Automatic;
				CURRENT_PROJECT_VERSION = 1;
				GENERATE_INFOPLIST_FILE = YES;
				IPHONEOS_DEPLOYMENT_TARGET = 16.0;
				MARKETING_VERSION = 1.0;
				PRODUCT_BUNDLE_IDENTIFIER = "com.ryunosuke.Beautiful-CalculatorTests";
				PRODUCT_NAME = "$(TARGET_NAME)";
				SWIFT_EMIT_LOC_STRINGS = NO;
				SWIFT_VERSION = 5.0;
				TARGETED_DEVICE_FAMILY = "1,2";
				TEST_HOST = "$(BUILT_PRODUCTS_DIR)/Beautiful_Calculator.app/$(BUNDLE_EXECUTABLE_FOLDER_PATH)/Beautiful_Calculator";
			};
			name = Release;
		};
		2B98F071290A634A0086C7BA /* Debug */ = {
			isa = XCBuildConfiguration;
			buildSettings = {
				ALWAYS_EMBED_SWIFT_STANDARD_LIBRARIES = YES;
				CODE_SIGN_STYLE = Automatic;
				CURRENT_PROJECT_VERSION = 1;
				GENERATE_INFOPLIST_FILE = YES;
				MARKETING_VERSION = 1.0;
				PRODUCT_BUNDLE_IDENTIFIER = "com.ryunosuke.Beautiful-CalculatorUITests";
				PRODUCT_NAME = "$(TARGET_NAME)";
				SWIFT_EMIT_LOC_STRINGS = NO;
				SWIFT_VERSION = 5.0;
				TARGETED_DEVICE_FAMILY = "1,2";
				TEST_TARGET_NAME = Beautiful_Calculator;
			};
			name = Debug;
		};
		2B98F072290A634A0086C7BA /* Release */ = {
			isa = XCBuildConfiguration;
			buildSettings = {
				ALWAYS_EMBED_SWIFT_STANDARD_LIBRARIES = YES;
				CODE_SIGN_STYLE = Automatic;
				CURRENT_PROJECT_VERSION = 1;
				GENERATE_INFOPLIST_FILE = YES;
				MARKETING_VERSION = 1.0;
				PRODUCT_BUNDLE_IDENTIFIER = "com.ryunosuke.Beautiful-CalculatorUITests";
				PRODUCT_NAME = "$(TARGET_NAME)";
				SWIFT_EMIT_LOC_STRINGS = NO;
				SWIFT_VERSION = 5.0;
				TARGETED_DEVICE_FAMILY = "1,2";
				TEST_TARGET_NAME = Beautiful_Calculator;
			};
			name = Release;
		};
/* End XCBuildConfiguration section */

/* Begin XCConfigurationList section */
		2B279D3629DBCF7D00BE0BE0 /* Build configuration list for PBXNativeTarget "BCWidgetExtension" */ = {
			isa = XCConfigurationList;
			buildConfigurations = (
				2B279D3729DBCF7D00BE0BE0 /* Debug */,
				2B279D3829DBCF7D00BE0BE0 /* Release */,
			);
			defaultConfigurationIsVisible = 0;
			defaultConfigurationName = Release;
		};
		2B98F041290A63490086C7BA /* Build configuration list for PBXProject "Beautiful_Calculator" */ = {
			isa = XCConfigurationList;
			buildConfigurations = (
				2B98F068290A634A0086C7BA /* Debug */,
				2B98F069290A634A0086C7BA /* Release */,
			);
			defaultConfigurationIsVisible = 0;
			defaultConfigurationName = Release;
		};
		2B98F06A290A634A0086C7BA /* Build configuration list for PBXNativeTarget "Beautiful_Calculator" */ = {
			isa = XCConfigurationList;
			buildConfigurations = (
				2B98F06B290A634A0086C7BA /* Debug */,
				2B98F06C290A634A0086C7BA /* Release */,
			);
			defaultConfigurationIsVisible = 0;
			defaultConfigurationName = Release;
		};
		2B98F06D290A634A0086C7BA /* Build configuration list for PBXNativeTarget "Beautiful_CalculatorTests" */ = {
			isa = XCConfigurationList;
			buildConfigurations = (
				2B98F06E290A634A0086C7BA /* Debug */,
				2B98F06F290A634A0086C7BA /* Release */,
			);
			defaultConfigurationIsVisible = 0;
			defaultConfigurationName = Release;
		};
		2B98F070290A634A0086C7BA /* Build configuration list for PBXNativeTarget "Beautiful_CalculatorUITests" */ = {
			isa = XCConfigurationList;
			buildConfigurations = (
				2B98F071290A634A0086C7BA /* Debug */,
				2B98F072290A634A0086C7BA /* Release */,
			);
			defaultConfigurationIsVisible = 0;
			defaultConfigurationName = Release;
		};
/* End XCConfigurationList section */
	};
	rootObject = 2B98F03E290A63490086C7BA /* Project object */;
}
